
Microsoft Visual Studio Solution File, Format Version 12.00
# Visual Studio Version 16
VisualStudioVersion = 16.0.30002.166
MinimumVisualStudioVersion = 10.0.40219.1
Project("{9A19103F-16F7-4668-BE54-9A1E7A4F7556}") = "BookApp", "BookApp\BookApp.csproj", "{DB036A49-A8ED-4AEA-A561-22838CAE41D1}"
EndProject
Project("{FAE04EC0-301F-11D3-BF4B-00C04F79EFBC}") = "BookApp.UnitTests", "BookApp.UnitTests\BookApp.UnitTests.csproj", "{0E1AD27A-CFC2-465E-953A-518EB52F6639}"
EndProject
Global
	GlobalSection(SolutionConfigurationPlatforms) = preSolution
		Debug|Any CPU = Debug|Any CPU
		Release|Any CPU = Release|Any CPU
	EndGlobalSection
	GlobalSection(ProjectConfigurationPlatforms) = postSolution
		{DB036A49-A8ED-4AEA-A561-22838CAE41D1}.Debug|Any CPU.ActiveCfg = Debug|Any CPU
		{DB036A49-A8ED-4AEA-A561-22838CAE41D1}.Debug|Any CPU.Build.0 = Debug|Any CPU
		{DB036A49-A8ED-4AEA-A561-22838CAE41D1}.Release|Any CPU.ActiveCfg = Release|Any CPU
		{DB036A49-A8ED-4AEA-A561-22838CAE41D1}.Release|Any CPU.Build.0 = Release|Any CPU
		{0E1AD27A-CFC2-465E-953A-518EB52F6639}.Debug|Any CPU.ActiveCfg = Debug|Any CPU
		{0E1AD27A-CFC2-465E-953A-518EB52F6639}.Debug|Any CPU.Build.0 = Debug|Any CPU
		{0E1AD27A-CFC2-465E-953A-518EB52F6639}.Release|Any CPU.ActiveCfg = Release|Any CPU
		{0E1AD27A-CFC2-465E-953A-518EB52F6639}.Release|Any CPU.Build.0 = Release|Any CPU
	EndGlobalSection
	GlobalSection(SolutionProperties) = preSolution
		HideSolutionNode = FALSE
	EndGlobalSection
	GlobalSection(ExtensibilityGlobals) = postSolution
		SolutionGuid = {2A425F6D-BA6C-45AD-94D2-7B81ED4CE10F}
	EndGlobalSection
EndGlobal
